// !$*UTF8*$!
{
	archiveVersion = 1;
	classes = {
	};
	objectVersion = 77;
	objects = {

/* Begin PBXBuildFile section */
		F287C0E22F2A0DD0006BFB36 /* NFCPassportReader in Frameworks */ = {isa = PBXBuildFile; productRef = F287C0E12F2A0DD0006BFB36 /* NFCPassportReader */; };
/* End PBXBuildFile section */

/* Begin PBXContainerItemProxy section */
		F287C0C42F2A0D5D006BFB36 /* PBXContainerItemProxy */ = {
			isa = PBXContainerItemProxy;
			containerPortal = F287C0AE2F2A0D5B006BFB36 /* Project object */;
			proxyType = 1;
			remoteGlobalIDString = F287C0B52F2A0D5B006BFB36;
			remoteInfo = DateDate;
		};
		F287C0CE2F2A0D5D006BFB36 /* PBXContainerItemProxy */ = {
			isa = PBXContainerItemProxy;
			containerPortal = F287C0AE2F2A0D5B006BFB36 /* Project object */;
			proxyType = 1;
			remoteGlobalIDString = F287C0B52F2A0D5B006BFB36;
			remoteInfo = DateDate;
		};
/* End PBXContainerItemProxy section */

/* Begin PBXFileReference section */
		F287C0B62F2A0D5B006BFB36 /* DateDate.app */ = {isa = PBXFileReference; explicitFileType = wrapper.application; includeInIndex = 0; path = DateDate.app; sourceTree = BUILT_PRODUCTS_DIR; };
		F287C0C32F2A0D5D006BFB36 /* DateDateTests.xctest */ = {isa = PBXFileReference; explicitFileType = wrapper.cfbundle; includeInIndex = 0; path = DateDateTests.xctest; sourceTree = BUILT_PRODUCTS_DIR; };
		F287C0CD2F2A0D5D006BFB36 /* DateDateUITests.xctest */ = {isa = PBXFileReference; explicitFileType = wrapper.cfbundle; includeInIndex = 0; path = DateDateUITests.xctest; sourceTree = BUILT_PRODUCTS_DIR; };
/* End PBXFileReference section */

/* Begin PBXFileSystemSynchronizedBuildFileExceptionSet section */
		F287C10F2F2A17D7006BFB36 /* Exceptions for "DateDate" folder in "DateDate" target */ = {
			isa = PBXFileSystemSynchronizedBuildFileExceptionSet;
			membershipExceptions = (
				Info.plist,
			);
			target = F287C0B52F2A0D5B006BFB36 /* DateDate */;
		};
/* End PBXFileSystemSynchronizedBuildFileExceptionSet section */

/* Begin PBXFileSystemSynchronizedRootGroup section */
		F287C0B82F2A0D5B006BFB36 /* DateDate */ = {
			isa = PBXFileSystemSynchronizedRootGroup;
			exceptions = (
				F287C10F2F2A17D7006BFB36 /* Exceptions for "DateDate" folder in "DateDate" target */,
			);
			path = DateDate;
			sourceTree = "<group>";
		};
		F287C0C62F2A0D5D006BFB36 /* DateDateTests */ = {
			isa = PBXFileSystemSynchronizedRootGroup;
			path = DateDateTests;
			sourceTree = "<group>";
		};
		F287C0D02F2A0D5D006BFB36 /* DateDateUITests */ = {
			isa = PBXFileSystemSynchronizedRootGroup;
			path = DateDateUITests;
			sourceTree = "<group>";
		};
/* End PBXFileSystemSynchronizedRootGroup section */

/* Begin PBXFrameworksBuildPhase section */
		F287C0B32F2A0D5B006BFB36 /* Frameworks */ = {
			isa = PBXFrameworksBuildPhase;
			buildActionMask = 2147483647;
			files = (
				F287C0E22F2A0DD0006BFB36 /* NFCPassportReader in Frameworks */,
			);
			runOnlyForDeploymentPostprocessing = 0;
		};
		F287C0C02F2A0D5D006BFB36 /* Frameworks */ = {
			isa = PBXFrameworksBuildPhase;
			buildActionMask = 2147483647;
			files = (
			);
			runOnlyForDeploymentPostprocessing = 0;
		};
		F287C0CA2F2A0D5D006BFB36 /* Frameworks */ = {
			isa = PBXFrameworksBuildPhase;
			buildActionMask = 2147483647;
			files = (
			);
			runOnlyForDeploymentPostprocessing = 0;
		};
/* End PBXFrameworksBuildPhase section */

/* Begin PBXGroup section */
		F287C0AD2F2A0D5B006BFB36 = {
			isa = PBXGroup;
			children = (
				F287C0B82F2A0D5B006BFB36 /* DateDate */,
				F287C0C62F2A0D5D006BFB36 /* DateDateTests */,
				F287C0D02F2A0D5D006BFB36 /* DateDateUITests */,
				F287C0B72F2A0D5B006BFB36 /* Products */,
			);
			sourceTree = "<group>";
		};
		F287C0B72F2A0D5B006BFB36 /* Products */ = {
			isa = PBXGroup;
			children = (
				F287C0B62F2A0D5B006BFB36 /* DateDate.app */,
				F287C0C32F2A0D5D006BFB36 /* DateDateTests.xctest */,
				F287C0CD2F2A0D5D006BFB36 /* DateDateUITests.xctest */,
			);
			name = Products;
			sourceTree = "<group>";
		};
/* End PBXGroup section */

/* Begin PBXNativeTarget section */
		F287C0B52F2A0D5B006BFB36 /* DateDate */ = {
			isa = PBXNativeTarget;
			buildConfigurationList = F287C0D72F2A0D5D006BFB36 /* Build configuration list for PBXNativeTarget "DateDate" */;
			buildPhases = (
				F287C0B22F2A0D5B006BFB36 /* Sources */,
				F287C0B32F2A0D5B006BFB36 /* Frameworks */,
				F287C0B42F2A0D5B006BFB36 /* Resources */,
			);
			buildRules = (
			);
			dependencies = (
			);
			fileSystemSynchronizedGroups = (
				F287C0B82F2A0D5B006BFB36 /* DateDate */,
			);
			name = DateDate;
			packageProductDependencies = (
				F287C0E12F2A0DD0006BFB36 /* NFCPassportReader */,
			);
			productName = DateDate;
			productReference = F287C0B62F2A0D5B006BFB36 /* DateDate.app */;
			productType = "com.apple.product-type.application";
		};
		F287C0C22F2A0D5D006BFB36 /* DateDateTests */ = {
			isa = PBXNativeTarget;
			buildConfigurationList = F287C0DA2F2A0D5D006BFB36 /* Build configuration list for PBXNativeTarget "DateDateTests" */;
			buildPhases = (
				F287C0BF2F2A0D5D006BFB36 /* Sources */,
				F287C0C02F2A0D5D006BFB36 /* Frameworks */,
				F287C0C12F2A0D5D006BFB36 /* Resources */,
			);
			buildRules = (
			);
			dependencies = (
				F287C0C52F2A0D5D006BFB36 /* PBXTargetDependency */,
			);
			fileSystemSynchronizedGroups = (
				F287C0C62F2A0D5D006BFB36 /* DateDateTests */,
			);
			name = DateDateTests;
			packageProductDependencies = (
			);
			productName = DateDateTests;
			productReference = F287C0C32F2A0D5D006BFB36 /* DateDateTests.xctest */;
			productType = "com.apple.product-type.bundle.unit-test";
		};
		F287C0CC2F2A0D5D006BFB36 /* DateDateUITests */ = {
			isa = PBXNativeTarget;
			buildConfigurationList = F287C0DD2F2A0D5D006BFB36 /* Build configuration list for PBXNativeTarget "DateDateUITests" */;
			buildPhases = (
				F287C0C92F2A0D5D006BFB36 /* Sources */,
				F287C0CA2F2A0D5D006BFB36 /* Frameworks */,
				F287C0CB2F2A0D5D006BFB36 /* Resources */,
			);
			buildRules = (
			);
			dependencies = (
				F287C0CF2F2A0D5D006BFB36 /* PBXTargetDependency */,
			);
			fileSystemSynchronizedGroups = (
				F287C0D02F2A0D5D006BFB36 /* DateDateUITests */,
			);
			name = DateDateUITests;
			packageProductDependencies = (
			);
			productName = DateDateUITests;
			productReference = F287C0CD2F2A0D5D006BFB36 /* DateDateUITests.xctest */;
			productType = "com.apple.product-type.bundle.ui-testing";
		};
/* End PBXNativeTarget section */

/* Begin PBXProject section */
		F287C0AE2F2A0D5B006BFB36 /* Project object */ = {
			isa = PBXProject;
			attributes = {
				BuildIndependentTargetsInParallel = 1;
				LastSwiftUpdateCheck = 2620;
				LastUpgradeCheck = 2620;
				TargetAttributes = {
					F287C0B52F2A0D5B006BFB36 = {
						CreatedOnToolsVersion = 26.2;
					};
					F287C0C22F2A0D5D006BFB36 = {
						CreatedOnToolsVersion = 26.2;
						TestTargetID = F287C0B52F2A0D5B006BFB36;
					};
					F287C0CC2F2A0D5D006BFB36 = {
						CreatedOnToolsVersion = 26.2;
						TestTargetID = F287C0B52F2A0D5B006BFB36;
					};
				};
			};
			buildConfigurationList = F287C0B12F2A0D5B006BFB36 /* Build configuration list for PBXProject "DateDate" */;
			developmentRegion = en;
			hasScannedForEncodings = 0;
			knownRegions = (
				en,
				Base,
			);
			mainGroup = F287C0AD2F2A0D5B006BFB36;
			minimizedProjectReferenceProxies = 1;
			packageReferences = (
				F287C0E02F2A0DD0006BFB36 /* XCRemoteSwiftPackageReference "NFCPassportReader" */,
			);
			preferredProjectObjectVersion = 77;
			productRefGroup = F287C0B72F2A0D5B006BFB36 /* Products */;
			projectDirPath = "";
			projectRoot = "";
			targets = (
				F287C0B52F2A0D5B006BFB36 /* DateDate */,
				F287C0C22F2A0D5D006BFB36 /* DateDateTests */,
				F287C0CC2F2A0D5D006BFB36 /* DateDateUITests */,
			);
		};
/* End PBXProject section */

/* Begin PBXResourcesBuildPhase section */
		F287C0B42F2A0D5B006BFB36 /* Resources */ = {
			isa = PBXResourcesBuildPhase;
			buildActionMask = 2147483647;
			files = (
			);
			runOnlyForDeploymentPostprocessing = 0;
		};
		F287C0C12F2A0D5D006BFB36 /* Resources */ = {
			isa = PBXResourcesBuildPhase;
			buildActionMask = 2147483647;
			files = (
			);
			runOnlyForDeploymentPostprocessing = 0;
		};
		F287C0CB2F2A0D5D006BFB36 /* Resources */ = {
			isa = PBXResourcesBuildPhase;
			buildActionMask = 2147483647;
			files = (
			);
			runOnlyForDeploymentPostprocessing = 0;
		};
/* End PBXResourcesBuildPhase section */

/* Begin PBXSourcesBuildPhase section */
		F287C0B22F2A0D5B006BFB36 /* Sources */ = {
			isa = PBXSourcesBuildPhase;
			buildActionMask = 2147483647;
			files = (
			);
			runOnlyForDeploymentPostprocessing = 0;
		};
		F287C0BF2F2A0D5D006BFB36 /* Sources */ = {
			isa = PBXSourcesBuildPhase;
			buildActionMask = 2147483647;
			files = (
			);
			runOnlyForDeploymentPostprocessing = 0;
		};
		F287C0C92F2A0D5D006BFB36 /* Sources */ = {
			isa = PBXSourcesBuildPhase;
			buildActionMask = 2147483647;
			files = (
			);
			runOnlyForDeploymentPostprocessing = 0;
		};
/* End PBXSourcesBuildPhase section */

/* Begin PBXTargetDependency section */
		F287C0C52F2A0D5D006BFB36 /* PBXTargetDependency */ = {
			isa = PBXTargetDependency;
			target = F287C0B52F2A0D5B006BFB36 /* DateDate */;
			targetProxy = F287C0C42F2A0D5D006BFB36 /* PBXContainerItemProxy */;
		};
		F287C0CF2F2A0D5D006BFB36 /* PBXTargetDependency */ = {
			isa = PBXTargetDependency;
			target = F287C0B52F2A0D5B006BFB36 /* DateDate */;
			targetProxy = F287C0CE2F2A0D5D006BFB36 /* PBXContainerItemProxy */;
		};
/* End PBXTargetDependency section */

/* Begin XCBuildConfiguration section */
		F287C0D52F2A0D5D006BFB36 /* Debug */ = {
			isa = XCBuildConfiguration;
			buildSettings = {
				ALWAYS_SEARCH_USER_PATHS = NO;
				ASSETCATALOG_COMPILER_GENERATE_SWIFT_ASSET_SYMBOL_EXTENSIONS = YES;
				CLANG_ANALYZER_NONNULL = YES;
				CLANG_ANALYZER_NUMBER_OBJECT_CONVERSION = YES_AGGRESSIVE;
				CLANG_CXX_LANGUAGE_STANDARD = "gnu++20";
				CLANG_ENABLE_MODULES = YES;
				CLANG_ENABLE_OBJC_ARC = YES;
				CLANG_ENABLE_OBJC_WEAK = YES;
				CLANG_WARN_BLOCK_CAPTURE_AUTORELEASING = YES;
				CLANG_WARN_BOOL_CONVERSION = YES;
				CLANG_WARN_COMMA = YES;
				CLANG_WARN_CONSTANT_CONVERSION = YES;
				CLANG_WARN_DEPRECATED_OBJC_IMPLEMENTATIONS = YES;
				CLANG_WARN_DIRECT_OBJC_ISA_USAGE = YES_ERROR;
				CLANG_WARN_DOCUMENTATION_COMMENTS = YES;
				CLANG_WARN_EMPTY_BODY = YES;
				CLANG_WARN_ENUM_CONVERSION = YES;
				CLANG_WARN_INFINITE_RECURSION = YES;
				CLANG_WARN_INT_CONVERSION = YES;
				CLANG_WARN_NON_LITERAL_NULL_CONVERSION = YES;
				CLANG_WARN_OBJC_IMPLICIT_RETAIN_SELF = YES;
				CLANG_WARN_OBJC_LITERAL_CONVERSION = YES;
				CLANG_WARN_OBJC_ROOT_CLASS = YES_ERROR;
				CLANG_WARN_QUOTED_INCLUDE_IN_FRAMEWORK_HEADER = YES;
				CLANG_WARN_RANGE_LOOP_ANALYSIS = YES;
				CLANG_WARN_STRICT_PROTOTYPES = YES;
				CLANG_WARN_SUSPICIOUS_MOVE = YES;
				CLANG_WARN_UNGUARDED_AVAILABILITY = YES_AGGRESSIVE;
				CLANG_WARN_UNREACHABLE_CODE = YES;
				CLANG_WARN__DUPLICATE_METHOD_MATCH = YES;
				COPY_PHASE_STRIP = NO;
				DEBUG_INFORMATION_FORMAT = dwarf;
				DEVELOPMENT_TEAM = UD3269PSCB;
				ENABLE_STRICT_OBJC_MSGSEND = YES;
				ENABLE_TESTABILITY = YES;
				ENABLE_USER_SCRIPT_SANDBOXING = YES;
				GCC_C_LANGUAGE_STANDARD = gnu17;
				GCC_DYNAMIC_NO_PIC = NO;
				GCC_NO_COMMON_BLOCKS = YES;
				GCC_OPTIMIZATION_LEVEL = 0;
				GCC_PREPROCESSOR_DEFINITIONS = (
					"DEBUG=1",
					"$(inherited)",
				);
				GCC_WARN_64_TO_32_BIT_CONVERSION = YES;
				GCC_WARN_ABOUT_RETURN_TYPE = YES_ERROR;
				GCC_WARN_UNDECLARED_SELECTOR = YES;
				GCC_WARN_UNINITIALIZED_AUTOS = YES_AGGRESSIVE;
				GCC_WARN_UNUSED_FUNCTION = YES;
				GCC_WARN_UNUSED_VARIABLE = YES;
				IPHONEOS_DEPLOYMENT_TARGET = 26.2;
				LOCALIZATION_PREFERS_STRING_CATALOGS = YES;
				MTL_ENABLE_DEBUG_INFO = INCLUDE_SOURCE;
				MTL_FAST_MATH = YES;
				ONLY_ACTIVE_ARCH = YES;
				SDKROOT = iphoneos;
				SWIFT_ACTIVE_COMPILATION_CONDITIONS = "DEBUG $(inherited)";
				SWIFT_OPTIMIZATION_LEVEL = "-Onone";
			};
			name = Debug;
		};
		F287C0D62F2A0D5D006BFB36 /* Release */ = {
			isa = XCBuildConfiguration;
			buildSettings = {
				ALWAYS_SEARCH_USER_PATHS = NO;
				ASSETCATALOG_COMPILER_GENERATE_SWIFT_ASSET_SYMBOL_EXTENSIONS = YES;
				CLANG_ANALYZER_NONNULL = YES;
				CLANG_ANALYZER_NUMBER_OBJECT_CONVERSION = YES_AGGRESSIVE;
				CLANG_CXX_LANGUAGE_STANDARD = "gnu++20";
				CLANG_ENABLE_MODULES = YES;
				CLANG_ENABLE_OBJC_ARC = YES;
				CLANG_ENABLE_OBJC_WEAK = YES;
				CLANG_WARN_BLOCK_CAPTURE_AUTORELEASING = YES;
				CLANG_WARN_BOOL_CONVERSION = YES;
				CLANG_WARN_COMMA = YES;
				CLANG_WARN_CONSTANT_CONVERSION = YES;
				CLANG_WARN_DEPRECATED_OBJC_IMPLEMENTATIONS = YES;
				CLANG_WARN_DIRECT_OBJC_ISA_USAGE = YES_ERROR;
				CLANG_WARN_DOCUMENTATION_COMMENTS = YES;
				CLANG_WARN_EMPTY_BODY = YES;
				CLANG_WARN_ENUM_CONVERSION = YES;
				CLANG_WARN_INFINITE_RECURSION = YES;
				CLANG_WARN_INT_CONVERSION = YES;
				CLANG_WARN_NON_LITERAL_NULL_CONVERSION = YES;
				CLANG_WARN_OBJC_IMPLICIT_RETAIN_SELF = YES;
				CLANG_WARN_OBJC_LITERAL_CONVERSION = YES;
				CLANG_WARN_OBJC_ROOT_CLASS = YES_ERROR;
				CLANG_WARN_QUOTED_INCLUDE_IN_FRAMEWORK_HEADER = YES;
				CLANG_WARN_RANGE_LOOP_ANALYSIS = YES;
				CLANG_WARN_STRICT_PROTOTYPES = YES;
				CLANG_WARN_SUSPICIOUS_MOVE = YES;
				CLANG_WARN_UNGUARDED_AVAILABILITY = YES_AGGRESSIVE;
				CLANG_WARN_UNREACHABLE_CODE = YES;
				CLANG_WARN__DUPLICATE_METHOD_MATCH = YES;
				COPY_PHASE_STRIP = NO;
				DEBUG_INFORMATION_FORMAT = "dwarf-with-dsym";
				DEVELOPMENT_TEAM = UD3269PSCB;
				ENABLE_NS_ASSERTIONS = NO;
				ENABLE_STRICT_OBJC_MSGSEND = YES;
				ENABLE_USER_SCRIPT_SANDBOXING = YES;
				GCC_C_LANGUAGE_STANDARD = gnu17;
				GCC_NO_COMMON_BLOCKS = YES;
				GCC_WARN_64_TO_32_BIT_CONVERSION = YES;
				GCC_WARN_ABOUT_RETURN_TYPE = YES_ERROR;
				GCC_WARN_UNDECLARED_SELECTOR = YES;
				GCC_WARN_UNINITIALIZED_AUTOS = YES_AGGRESSIVE;
				GCC_WARN_UNUSED_FUNCTION = YES;
				GCC_WARN_UNUSED_VARIABLE = YES;
				IPHONEOS_DEPLOYMENT_TARGET = 26.2;
				LOCALIZATION_PREFERS_STRING_CATALOGS = YES;
				MTL_ENABLE_DEBUG_INFO = NO;
				MTL_FAST_MATH = YES;
				SDKROOT = iphoneos;
				SWIFT_COMPILATION_MODE = wholemodule;
				VALIDATE_PRODUCT = YES;
			};
			name = Release;
		};
		F287C0D82F2A0D5D006BFB36 /* Debug */ = {
			isa = XCBuildConfiguration;
			buildSettings = {
				ASSETCATALOG_COMPILER_APPICON_NAME = AppIcon;
				ASSETCATALOG_COMPILER_GLOBAL_ACCENT_COLOR_NAME = AccentColor;
				CODE_SIGN_ENTITLEMENTS = DateDate/DateDate.entitlements;
				CODE_SIGN_STYLE = Automatic;
				CURRENT_PROJECT_VERSION = 1;
				DEVELOPMENT_TEAM = UD3269PSCB;
				ENABLE_PREVIEWS = YES;
				GENERATE_INFOPLIST_FILE = NO;
				INFOPLIST_FILE = DateDate/Info.plist;
				INFOPLIST_KEY_UIApplicationSceneManifest_Generation = YES;
				INFOPLIST_KEY_UIApplicationSupportsIndirectInputEvents = YES;
				INFOPLIST_KEY_UILaunchScreen_Generation = YES;
				INFOPLIST_KEY_UISupportedInterfaceOrientations_iPad = "UIInterfaceOrientationPortrait UIInterfaceOrientationPortraitUpsideDown UIInterfaceOrientationLandscapeLeft UIInterfaceOrientationLandscapeRight";
				INFOPLIST_KEY_UISupportedInterfaceOrientations_iPhone = "UIInterfaceOrientationPortrait UIInterfaceOrientationLandscapeLeft UIInterfaceOrientationLandscapeRight";
				LD_RUNPATH_SEARCH_PATHS = (
					"$(inherited)",
					"@executable_path/Frameworks",
				);
				MARKETING_VERSION = 1.0;
				PRODUCT_BUNDLE_IDENTIFIER = test.TrustPipe.DateDate;
				PRODUCT_NAME = "$(TARGET_NAME)";
				STRING_CATALOG_GENERATE_SYMBOLS = YES;
				SWIFT_APPROACHABLE_CONCURRENCY = YES;
				SWIFT_DEFAULT_ACTOR_ISOLATION = MainActor;
				SWIFT_EMIT_LOC_STRINGS = YES;
				SWIFT_UPCOMING_FEATURE_MEMBER_IMPORT_VISIBILITY = YES;
				SWIFT_VERSION = 5.0;
				TARGETED_DEVICE_FAMILY = "1,2";
			};
			name = Debug;
		};
		F287C0D92F2A0D5D006BFB36 /* Release */ = {
			isa = XCBuildConfiguration;
			buildSettings = {
				ASSETCATALOG_COMPILER_APPICON_NAME = AppIcon;
				ASSETCATALOG_COMPILER_GLOBAL_ACCENT_COLOR_NAME = AccentColor;
				CODE_SIGN_ENTITLEMENTS = DateDate/DateDate.entitlements;
				CODE_SIGN_STYLE = Automatic;
				CURRENT_PROJECT_VERSION = 1;
				DEVELOPMENT_TEAM = UD3269PSCB;
				ENABLE_PREVIEWS = YES;
				GENERATE_INFOPLIST_FILE = NO;
				INFOPLIST_FILE = DateDate/Info.plist;
				INFOPLIST_KEY_UIApplicationSceneManifest_Generation = YES;
				INFOPLIST_KEY_UIApplicationSupportsIndirectInputEvents = YES;
				INFOPLIST_KEY_UILaunchScreen_Generation = YES;
				INFOPLIST_KEY_UISupportedInterfaceOrientations_iPad = "UIInterfaceOrientationPortrait UIInterfaceOrientationPortraitUpsideDown UIInterfaceOrientationLandscapeLeft UIInterfaceOrientationLandscapeRight";
				INFOPLIST_KEY_UISupportedInterfaceOrientations_iPhone = "UIInterfaceOrientationPortrait UIInterfaceOrientationLandscapeLeft UIInterfaceOrientationLandscapeRight";
				LD_RUNPATH_SEARCH_PATHS = (
					"$(inherited)",
					"@executable_path/Frameworks",
				);
				MARKETING_VERSION = 1.0;
				PRODUCT_BUNDLE_IDENTIFIER = test.TrustPipe.DateDate;
				PRODUCT_NAME = "$(TARGET_NAME)";
				STRING_CATALOG_GENERATE_SYMBOLS = YES;
				SWIFT_APPROACHABLE_CONCURRENCY = YES;
				SWIFT_DEFAULT_ACTOR_ISOLATION = MainActor;
				SWIFT_EMIT_LOC_STRINGS = YES;
				SWIFT_UPCOMING_FEATURE_MEMBER_IMPORT_VISIBILITY = YES;
				SWIFT_VERSION = 5.0;
				TARGETED_DEVICE_FAMILY = "1,2";
			};
			name = Release;
		};
		F287C0DB2F2A0D5D006BFB36 /* Debug */ = {
			isa = XCBuildConfiguration;
			buildSettings = {
				BUNDLE_LOADER = "$(TEST_HOST)";
				CODE_SIGN_STYLE = Automatic;
				CURRENT_PROJECT_VERSION = 1;
				DEVELOPMENT_TEAM = UD3269PSCB;
				GENERATE_INFOPLIST_FILE = YES;
				IPHONEOS_DEPLOYMENT_TARGET = 26.2;
				MARKETING_VERSION = 1.0;
				PRODUCT_BUNDLE_IDENTIFIER = test.TrustPipe.DateDateTests;
				PRODUCT_NAME = "$(TARGET_NAME)";
				STRING_CATALOG_GENERATE_SYMBOLS = NO;
				SWIFT_APPROACHABLE_CONCURRENCY = YES;
				SWIFT_EMIT_LOC_STRINGS = NO;
				SWIFT_UPCOMING_FEATURE_MEMBER_IMPORT_VISIBILITY = YES;
				SWIFT_VERSION = 5.0;
				TARGETED_DEVICE_FAMILY = "1,2";
				TEST_HOST = "$(BUILT_PRODUCTS_DIR)/DateDate.app/$(BUNDLE_EXECUTABLE_FOLDER_PATH)/DateDate";
			};
			name = Debug;
		};
		F287C0DC2F2A0D5D006BFB36 /* Release */ = {
			isa = XCBuildConfiguration;
			buildSettings = {
				BUNDLE_LOADER = "$(TEST_HOST)";
				CODE_SIGN_STYLE = Automatic;
				CURRENT_PROJECT_VERSION = 1;
				DEVELOPMENT_TEAM = UD3269PSCB;
				GENERATE_INFOPLIST_FILE = YES;
				IPHONEOS_DEPLOYMENT_TARGET = 26.2;
				MARKETING_VERSION = 1.0;
				PRODUCT_BUNDLE_IDENTIFIER = test.TrustPipe.DateDateTests;
				PRODUCT_NAME = "$(TARGET_NAME)";
				STRING_CATALOG_GENERATE_SYMBOLS = NO;
				SWIFT_APPROACHABLE_CONCURRENCY = YES;
				SWIFT_EMIT_LOC_STRINGS = NO;
				SWIFT_UPCOMING_FEATURE_MEMBER_IMPORT_VISIBILITY = YES;
				SWIFT_VERSION = 5.0;
				TARGETED_DEVICE_FAMILY = "1,2";
				TEST_HOST = "$(BUILT_PRODUCTS_DIR)/DateDate.app/$(BUNDLE_EXECUTABLE_FOLDER_PATH)/DateDate";
			};
			name = Release;
		};
		F287C0DE2F2A0D5D006BFB36 /* Debug */ = {
			isa = XCBuildConfiguration;
			buildSettings = {
				CODE_SIGN_STYLE = Automatic;
				CURRENT_PROJECT_VERSION = 1;
				DEVELOPMENT_TEAM = UD3269PSCB;
				GENERATE_INFOPLIST_FILE = YES;
				MARKETING_VERSION = 1.0;
				PRODUCT_BUNDLE_IDENTIFIER = test.TrustPipe.DateDateUITests;
				PRODUCT_NAME = "$(TARGET_NAME)";
				STRING_CATALOG_GENERATE_SYMBOLS = NO;
				SWIFT_APPROACHABLE_CONCURRENCY = YES;
				SWIFT_EMIT_LOC_STRINGS = NO;
				SWIFT_UPCOMING_FEATURE_MEMBER_IMPORT_VISIBILITY = YES;
				SWIFT_VERSION = 5.0;
				TARGETED_DEVICE_FAMILY = "1,2";
				TEST_TARGET_NAME = DateDate;
			};
			name = Debug;
		};
		F287C0DF2F2A0D5D006BFB36 /* Release */ = {
			isa = XCBuildConfiguration;
			buildSettings = {
				CODE_SIGN_STYLE = Automatic;
				CURRENT_PROJECT_VERSION = 1;
				DEVELOPMENT_TEAM = UD3269PSCB;
				GENERATE_INFOPLIST_FILE = YES;
				MARKETING_VERSION = 1.0;
				PRODUCT_BUNDLE_IDENTIFIER = test.TrustPipe.DateDateUITests;
				PRODUCT_NAME = "$(TARGET_NAME)";
				STRING_CATALOG_GENERATE_SYMBOLS = NO;
				SWIFT_APPROACHABLE_CONCURRENCY = YES;
				SWIFT_EMIT_LOC_STRINGS = NO;
				SWIFT_UPCOMING_FEATURE_MEMBER_IMPORT_VISIBILITY = YES;
				SWIFT_VERSION = 5.0;
				TARGETED_DEVICE_FAMILY = "1,2";
				TEST_TARGET_NAME = DateDate;
			};
			name = Release;
		};
/* End XCBuildConfiguration section */

/* Begin XCConfigurationList section */
		F287C0B12F2A0D5B006BFB36 /* Build configuration list for PBXProject "DateDate" */ = {
			isa = XCConfigurationList;
			buildConfigurations = (
				F287C0D52F2A0D5D006BFB36 /* Debug */,
				F287C0D62F2A0D5D006BFB36 /* Release */,
			);
			defaultConfigurationIsVisible = 0;
			defaultConfigurationName = Release;
		};
		F287C0D72F2A0D5D006BFB36 /* Build configuration list for PBXNativeTarget "DateDate" */ = {
			isa = XCConfigurationList;
			buildConfigurations = (
				F287C0D82F2A0D5D006BFB36 /* Debug */,
				F287C0D92F2A0D5D006BFB36 /* Release */,
			);
			defaultConfigurationIsVisible = 0;
			defaultConfigurationName = Release;
		};
		F287C0DA2F2A0D5D006BFB36 /* Build configuration list for PBXNativeTarget "DateDateTests" */ = {
			isa = XCConfigurationList;
			buildConfigurations = (
				F287C0DB2F2A0D5D006BFB36 /* Debug */,
				F287C0DC2F2A0D5D006BFB36 /* Release */,
			);
			defaultConfigurationIsVisible = 0;
			defaultConfigurationName = Release;
		};
		F287C0DD2F2A0D5D006BFB36 /* Build configuration list for PBXNativeTarget "DateDateUITests" */ = {
			isa = XCConfigurationList;
			buildConfigurations = (
				F287C0DE2F2A0D5D006BFB36 /* Debug */,
				F287C0DF2F2A0D5D006BFB36 /* Release */,
			);
			defaultConfigurationIsVisible = 0;
			defaultConfigurationName = Release;
		};
/* End XCConfigurationList section */

/* Begin XCRemoteSwiftPackageReference section */
		F287C0E02F2A0DD0006BFB36 /* XCRemoteSwiftPackageReference "NFCPassportReader" */ = {
			isa = XCRemoteSwiftPackageReference;
			repositoryURL = "https://github.com/AndyQ/NFCPassportReader.git";
			requirement = {
				kind = upToNextMajorVersion;
				minimumVersion = 2.3.0;
			};
		};
/* End XCRemoteSwiftPackageReference section */

/* Begin XCSwiftPackageProductDependency section */
		F287C0E12F2A0DD0006BFB36 /* NFCPassportReader */ = {
			isa = XCSwiftPackageProductDependency;
			package = F287C0E02F2A0DD0006BFB36 /* XCRemoteSwiftPackageReference "NFCPassportReader" */;
			productName = NFCPassportReader;
		};
/* End XCSwiftPackageProductDependency section */
	};
	rootObject = F287C0AE2F2A0D5B006BFB36 /* Project object */;
}
